
Microsoft Visual Studio Solution File, Format Version 12.00
# Visual Studio 2013
VisualStudioVersion = 12.0.21005.1
MinimumVisualStudioVersion = 10.0.40219.1
Project("{FAE04EC0-301F-11D3-BF4B-00C04F79EFBC}") = "layuiAdmin", "layuiAdmin\layuiAdmin.csproj", "{A0886A2C-C6B5-4F3D-9FE3-F07FF983CB17}"
EndProject
Project("{FAE04EC0-301F-11D3-BF4B-00C04F79EFBC}") = "BootStrapAdmin", "BootStrapAdmin\BootStrapAdmin.csproj", "{1D6D8FE3-BA90-46E6-8C46-44CF9E70D0C3}"
EndProject
Global
	GlobalSection(SolutionConfigurationPlatforms) = preSolution
		Debug|Any CPU = Debug|Any CPU
		Release|Any CPU = Release|Any CPU
	EndGlobalSection
	GlobalSection(ProjectConfigurationPlatforms) = postSolution
		{A0886A2C-C6B5-4F3D-9FE3-F07FF983CB17}.Debug|Any CPU.ActiveCfg = Debug|Any CPU
		{A0886A2C-C6B5-4F3D-9FE3-F07FF983CB17}.Debug|Any CPU.Build.0 = Debug|Any CPU
		{A0886A2C-C6B5-4F3D-9FE3-F07FF983CB17}.Release|Any CPU.ActiveCfg = Release|Any CPU
		{A0886A2C-C6B5-4F3D-9FE3-F07FF983CB17}.Release|Any CPU.Build.0 = Release|Any CPU
		{1D6D8FE3-BA90-46E6-8C46-44CF9E70D0C3}.Debug|Any CPU.ActiveCfg = Debug|Any CPU
		{1D6D8FE3-BA90-46E6-8C46-44CF9E70D0C3}.Debug|Any CPU.Build.0 = Debug|Any CPU
		{1D6D8FE3-BA90-46E6-8C46-44CF9E70D0C3}.Release|Any CPU.ActiveCfg = Release|Any CPU
		{1D6D8FE3-BA90-46E6-8C46-44CF9E70D0C3}.Release|Any CPU.Build.0 = Release|Any CPU
	EndGlobalSection
	GlobalSection(SolutionProperties) = preSolution
		HideSolutionNode = FALSE
	EndGlobalSection
EndGlobal
